
Microsoft Visual Studio Solution File, Format Version 12.00
# Visual Studio Version 16
VisualStudioVersion = 16.0.29519.181
MinimumVisualStudioVersion = 10.0.40219.1
Project("{2150E333-8FDC-42A3-9474-1A3956D46DE8}") = "Code", "Code", "{9DE5AE6F-92AC-45FD-B108-C1AC2980C102}"
EndProject
Project("{2150E333-8FDC-42A3-9474-1A3956D46DE8}") = "Test", "Test", "{797F5D70-C7D0-44FE-B955-DE55853BEA41}"
EndProject
Project("{2150E333-8FDC-42A3-9474-1A3956D46DE8}") = "src", "src", "{3B6AFC16-28AB-4C1B-9530-2BF70B73AF4E}"
EndProject
Project("{9A19103F-16F7-4668-BE54-9A1E7A4F7556}") = "Bad.Code", "src\code\Bad.Code\Bad.Code.csproj", "{0D778C7C-09F8-458C-8DEE-386796B93306}"
EndProject
Global
	GlobalSection(SolutionConfigurationPlatforms) = preSolution
		Debug|Any CPU = Debug|Any CPU
		Release|Any CPU = Release|Any CPU
	EndGlobalSection
	GlobalSection(ProjectConfigurationPlatforms) = postSolution
		{0D778C7C-09F8-458C-8DEE-386796B93306}.Debug|Any CPU.ActiveCfg = Debug|Any CPU
		{0D778C7C-09F8-458C-8DEE-386796B93306}.Debug|Any CPU.Build.0 = Debug|Any CPU
		{0D778C7C-09F8-458C-8DEE-386796B93306}.Release|Any CPU.ActiveCfg = Release|Any CPU
		{0D778C7C-09F8-458C-8DEE-386796B93306}.Release|Any CPU.Build.0 = Release|Any CPU
	EndGlobalSection
	GlobalSection(SolutionProperties) = preSolution
		HideSolutionNode = FALSE
	EndGlobalSection
	GlobalSection(NestedProjects) = preSolution
		{9DE5AE6F-92AC-45FD-B108-C1AC2980C102} = {3B6AFC16-28AB-4C1B-9530-2BF70B73AF4E}
		{797F5D70-C7D0-44FE-B955-DE55853BEA41} = {3B6AFC16-28AB-4C1B-9530-2BF70B73AF4E}
		{0D778C7C-09F8-458C-8DEE-386796B93306} = {9DE5AE6F-92AC-45FD-B108-C1AC2980C102}
	EndGlobalSection
	GlobalSection(ExtensibilityGlobals) = postSolution
		SolutionGuid = {CE3691D6-AEB2-4F01-A2FD-1A24054F36A6}
	EndGlobalSection
EndGlobal
